
Microsoft Visual Studio Solution File, Format Version 12.00
# Visual Studio Version 17
VisualStudioVersion = 17.7.34221.43
MinimumVisualStudioVersion = 10.0.40219.1
Project("{FAE04EC0-301F-11D3-BF4B-00C04F79EFBC}") = "Lab 1 - SQL", "Lab 1 - SQL\Lab 1 - SQL.csproj", "{72EB12B8-8D87-44A0-9CCF-2D7C26220447}"
EndProject
Global
	GlobalSection(SolutionConfigurationPlatforms) = preSolution
		Debug|Any CPU = Debug|Any CPU
		Release|Any CPU = Release|Any CPU
	EndGlobalSection
	GlobalSection(ProjectConfigurationPlatforms) = postSolution
		{72EB12B8-8D87-44A0-9CCF-2D7C26220447}.Debug|Any CPU.ActiveCfg = Debug|Any CPU
		{72EB12B8-8D87-44A0-9CCF-2D7C26220447}.Debug|Any CPU.Build.0 = Debug|Any CPU
		{72EB12B8-8D87-44A0-9CCF-2D7C26220447}.Release|Any CPU.ActiveCfg = Release|Any CPU
		{72EB12B8-8D87-44A0-9CCF-2D7C26220447}.Release|Any CPU.Build.0 = Release|Any CPU
	EndGlobalSection
	GlobalSection(SolutionProperties) = preSolution
		HideSolutionNode = FALSE
	EndGlobalSection
	GlobalSection(ExtensibilityGlobals) = postSolution
		SolutionGuid = {EB9A9042-7C4A-4218-8E34-AAC5C20B69C3}
	EndGlobalSection
EndGlobal
